# THIS IS AN AUTOGENERATED FILE. DO NOT EDIT THIS FILE DIRECTLY.
# yarn lockfile v1


"@supabase/auth-js@2.74.0":
  version "2.74.0"
  resolved "https://registry.yarnpkg.com/@supabase/auth-js/-/auth-js-2.74.0.tgz#a3537944a9a4229a48efbcf4f11a502b1bef5752"
  integrity sha512-EJYDxYhBCOS40VJvfQ5zSjo8Ku7JbTICLTcmXt4xHMQZt4IumpRfHg11exXI9uZ6G7fhsQlNgbzDhFN4Ni9NnA==
  dependencies:
    "@supabase/node-fetch" "2.6.15"

"@supabase/functions-js@2.74.0":
  version "2.74.0"
  resolved "https://registry.yarnpkg.com/@supabase/functions-js/-/functions-js-2.74.0.tgz#aa92139a346fa8bc567e31256a72965ea08da057"
  integrity sha512-VqWYa981t7xtIFVf7LRb9meklHckbH/tqwaML5P3LgvlaZHpoSPjMCNLcquuLYiJLxnh2rio7IxLh+VlvRvSWw==
  dependencies:
    "@supabase/node-fetch" "2.6.15"

"@supabase/node-fetch@2.6.15":
  version "2.6.15"
  resolved "https://registry.yarnpkg.com/@supabase/node-fetch/-/node-fetch-2.6.15.tgz#731271430e276983191930816303c44159e7226c"
  integrity sha512-1ibVeYUacxWYi9i0cf5efil6adJ9WRyZBLivgjs+AUpewx1F3xPi7gLgaASI2SmIQxPoCEjAsLAzKPgMJVgOUQ==
  dependencies:
    whatwg-url "^5.0.0"

"@supabase/postgrest-js@2.74.0":
  version "2.74.0"
  resolved "https://registry.yarnpkg.com/@supabase/postgrest-js/-/postgrest-js-2.74.0.tgz#f83d9d6a1c3a007f8f5fbf6320a879d5cd3bd9b7"
  integrity sha512-9Ypa2eS0Ib/YQClE+BhDSjx7OKjYEF6LAGjTB8X4HucdboGEwR0LZKctNfw6V0PPIAVjjzZxIlNBXGv0ypIkHw==
  dependencies:
    "@supabase/node-fetch" "2.6.15"

"@supabase/realtime-js@2.74.0":
  version "2.74.0"
  resolved "https://registry.yarnpkg.com/@supabase/realtime-js/-/realtime-js-2.74.0.tgz#129aacf0c999f0d370bd38a1ea391cafb9d55528"
  integrity sha512-K5VqpA4/7RO1u1nyD5ICFKzWKu58bIDcPxHY0aFA7MyWkFd0pzi/XYXeoSsAifnD9p72gPIpgxVXCQZKJg1ktQ==
  dependencies:
    "@supabase/node-fetch" "2.6.15"
    "@types/phoenix" "^1.6.6"
    "@types/ws" "^8.18.1"
    ws "^8.18.2"

"@supabase/storage-js@2.74.0":
  version "2.74.0"
  resolved "https://registry.yarnpkg.com/@supabase/storage-js/-/storage-js-2.74.0.tgz#5b6ad04e905b7d1af818f2d2ecf5a18c6825a3e8"
  integrity sha512-o0cTQdMqHh4ERDLtjUp1/KGPbQoNwKRxUh6f8+KQyjC5DSmiw/r+jgFe/WHh067aW+WU8nA9Ytw9ag7OhzxEkQ==
  dependencies:
    "@supabase/node-fetch" "2.6.15"

"@supabase/supabase-js@^2.43.4":
  version "2.74.0"
  resolved "https://registry.yarnpkg.com/@supabase/supabase-js/-/supabase-js-2.74.0.tgz#7e7b7531378ca18abd834fb182a0379b9c3c320a"
  integrity sha512-IEMM/V6gKdP+N/X31KDIczVzghDpiPWFGLNjS8Rus71KvV6y6ueLrrE/JGCHDrU+9pq5copF3iCa0YQh+9Lq9Q==
  dependencies:
    "@supabase/auth-js" "2.74.0"
    "@supabase/functions-js" "2.74.0"
    "@supabase/node-fetch" "2.6.15"
    "@supabase/postgrest-js" "2.74.0"
    "@supabase/realtime-js" "2.74.0"
    "@supabase/storage-js" "2.74.0"

"@types/estree@1.0.8":
  version "1.0.8"
  resolved "https://registry.yarnpkg.com/@types/estree/-/estree-1.0.8.tgz#958b91c991b1867ced318bedea0e215ee050726e"
  integrity sha512-dWHzHa2WqEXI/O1E9OjrocMTKJl2mSrEolh1Iomrv6U+JuNwaHXsXx9bLu5gG7BUWFIN0skIQJQ/L1rIex4X6w==

"@types/node@*":
  version "24.7.0"
  resolved "https://registry.yarnpkg.com/@types/node/-/node-24.7.0.tgz#a34c9f0d3401db396782e440317dd5d8373c286f"
  integrity sha512-IbKooQVqUBrlzWTi79E8Fw78l8k1RNtlDDNWsFZs7XonuQSJ8oNYfEeclhprUldXISRMLzBpILuKgPlIxm+/Yw==
  dependencies:
    undici-types "~7.14.0"

"@types/phoenix@^1.6.6":
  version "1.6.6"
  resolved "https://registry.yarnpkg.com/@types/phoenix/-/phoenix-1.6.6.tgz#3c1ab53fd5a23634b8e37ea72ccacbf07fbc7816"
  integrity sha512-PIzZZlEppgrpoT2QgbnDU+MMzuR6BbCjllj0bM70lWoejMeNJAxCchxnv7J3XFkI8MpygtRpzXrIlmWUBclP5A==

"@types/ws@^8.18.1":
  version "8.18.1"
  resolved "https://registry.yarnpkg.com/@types/ws/-/ws-8.18.1.tgz#48464e4bf2ddfd17db13d845467f6070ffea4aa9"
  integrity sha512-ThVF6DCVhA8kUGy+aazFQ4kXQ7E1Ty7A3ypFOe0IcJV8O/M511G99AW24irKrW56Wt44yG9+ij8FaqoBGkuBXg==
  dependencies:
    "@types/node" "*"

esbuild@^0.21.3:
  version "0.21.5"
  resolved "https://registry.yarnpkg.com/esbuild/-/esbuild-0.21.5.tgz#9ca301b120922959b766360d8ac830da0d02997d"
  integrity sha512-mg3OPMV4hXywwpoDxu3Qda5xCKQi+vCTZq8S9J/EpkhB2HzKXq4SNFZE3+NK93JYxc8VMSep+lOUSC/RVKaBqw==

fsevents@~2.3.2, fsevents@~2.3.3:
  version "2.3.3"
  resolved "https://registry.yarnpkg.com/fsevents/-/fsevents-2.3.3.tgz#cac6407785d03675a2a5e1a5305c697b347d90d6"
  integrity sha512-5xoDfX+fL7faATnagmWPpbFtwh/R77WmMMqqHGS65C3vvB0YHrgF+B1YmZ3441tMj5n63k0212XNoJwzlhffQw==

lucide@^0.378.0:
  version "0.378.0"
  resolved "https://registry.yarnpkg.com/lucide/-/lucide-0.378.0.tgz#0dd85ae4ae217f1e9794175f0ac3404a4bcd8816"
  integrity sha512-bwWXuZf2jZbCI0Y+MWyv5bedWIxYKtgAEzC2Yl87Nrt/KcG9qTwAQxVFcZ6IwBioML06QUQsG+qRjyQvYHdbBQ==

nanoid@^3.3.11:
  version "3.3.11"
  resolved "https://registry.yarnpkg.com/nanoid/-/nanoid-3.3.11.tgz#4f4f112cefbe303202f2199838128936266d185b"
  integrity sha512-N8SpfPUnUp1bK+PMYW8qSWdl9U+wwNWI4QKxOYDy9JAro3WMX7p2OeVRF9v+347pnakNevPmiHhNmZ2HbFA76w==

picocolors@^1.1.1:
  version "1.1.1"
  resolved "https://registry.yarnpkg.com/picocolors/-/picocolors-1.1.1.tgz#3d321af3eab939b083c8f929a1d12cda81c26b6b"
  integrity sha512-xceH2snhtb5M9liqDsmEw56le376mTZkEX/jEb/RxNFyegNul7eNslCXP9FDj/Lcu0X8KEyMceP2ntpaHrDEVA==

postcss@^8.4.43:
  version "8.5.6"
  resolved "https://registry.yarnpkg.com/postcss/-/postcss-8.5.6.tgz#2825006615a619b4f62a9e7426cc120b349a8f3c"
  integrity sha512-3Ybi1tAuwAP9s0r1UQ2J4n5Y0G05bJkpUIO0/bI9MhwmD70S5aTWbXGBwxHrelT+XM1k6dM0pk+SwNkpTRN7Pg==
  dependencies:
    nanoid "^3.3.11"
    picocolors "^1.1.1"
    source-map-js "^1.2.1"

rollup@^4.20.0:
  version "4.52.4"
  resolved "https://registry.yarnpkg.com/rollup/-/rollup-4.52.4.tgz#71e64cce96a865fcbaa6bb62c6e82807f4e378a1"
  integrity sha512-CLEVl+MnPAiKh5pl4dEWSyMTpuflgNQiLGhMv8ezD5W/qP8AKvmYpCOKRRNOh7oRKnauBZ4SyeYkMS+1VSyKwQ==
  dependencies:
    "@types/estree" "1.0.8"
  optionalDependencies:
    fsevents "~2.3.2"

source-map-js@^1.2.1:
  version "1.2.1"
  resolved "https://registry.yarnpkg.com/source-map-js/-/source-map-js-1.2.1.tgz#1ce5650fddd87abc099eda37dcff024c2667ae46"
  integrity sha512-UXWMKhLOwVKb728IUtQPXxfYU+usdybtUrK/8uGE8CQMvrhOpwvzDBwj0QhSL7MQc7vIsISBG8VQ8+IDQxpfQA==

tr46@~0.0.3:
  version "0.0.3"
  resolved "https://registry.yarnpkg.com/tr46/-/tr46-0.0.3.tgz#8184fd347dac9cdc185992f3a6622e14b9d9ab6a"
  integrity sha512-N3WMsuqV66lT30CrXNbEjx4GEwlow3v6rr4mCcv6prnfwhS01rkgyFdjPNBYd9br7LpXV1+Emh01fHnq2Gdgrw==

undici-types@~7.14.0:
  version "7.14.0"
  resolved "https://registry.yarnpkg.com/undici-types/-/undici-types-7.14.0.tgz#4c037b32ca4d7d62fae042174604341588bc0840"
  integrity sha512-QQiYxHuyZ9gQUIrmPo3IA+hUl4KYk8uSA7cHrcKd/l3p1OTpZcM0Tbp9x7FAtXdAYhlasd60ncPpgu6ihG6TOA==

vite@^5.2.0:
  version "5.4.20"
  resolved "https://registry.yarnpkg.com/vite/-/vite-5.4.20.tgz#3267a5e03f21212f44edfd72758138e8fcecd76a"
  integrity sha512-j3lYzGC3P+B5Yfy/pfKNgVEg4+UtcIJcVRt2cDjIOmhLourAqPqf8P7acgxeiSgUB7E3p2P8/3gNIgDLpwzs4g==
  dependencies:
    esbuild "^0.21.3"
    postcss "^8.4.43"
    rollup "^4.20.0"
  optionalDependencies:
    fsevents "~2.3.3"

webidl-conversions@^3.0.0:
  version "3.0.1"
  resolved "https://registry.yarnpkg.com/webidl-conversions/-/webidl-conversions-3.0.1.tgz#24534275e2a7bc6be7bc86611cc16ae0a5654871"
  integrity sha512-2JAn3z8AR6rjK8Sm8orRC0h/bcl/DqL7tRPdGZ4I1CjdF+EaMLmYxBHyXuKL849eucPFhvBoxMsflfOb8kxaeQ==

whatwg-url@^5.0.0:
  version "5.0.0"
  resolved "https://registry.yarnpkg.com/whatwg-url/-/whatwg-url-5.0.0.tgz#966454e8765462e37644d3626f6742ce8b70965d"
  integrity sha512-saE57nupxk6v3HY35+jzBwYa0rKSy0XR8JSxZPwgLr7ys0IBzhGviA1/TUGJLmSVqs8pb9AnvICXEuOHLprYTw==
  dependencies:
    tr46 "~0.0.3"
    webidl-conversions "^3.0.0"

ws@^8.18.2:
  version "8.18.3"
  resolved "https://registry.yarnpkg.com/ws/-/ws-8.18.3.tgz#b56b88abffde62791c639170400c93dcb0c95472"
  integrity sha512-PEIGCY5tSlUt50cqyMXfCzX+oOPqN0vuGqWzbcJ2xvnkzkq46oOpz7dQaTDBdfICb4N14+GARUDw2XV2N4tvzg==
